
Microsoft Visual Studio Solution File, Format Version 12.00
Project("{FAE04EC0-301F-11D3-BF4B-00C04F79EFBC}") = "Triarc.Mlink.Integration", "Triarc.Mlink.Integration\Triarc.Mlink.Integration.csproj", "{8EFA46C2-F515-43B4-94E9-C2F20D6C2306}"
EndProject
Global
	GlobalSection(SolutionConfigurationPlatforms) = preSolution
		Debug|Any CPU = Debug|Any CPU
		Release|Any CPU = Release|Any CPU
	EndGlobalSection
	GlobalSection(ProjectConfigurationPlatforms) = postSolution
		{8EFA46C2-F515-43B4-94E9-C2F20D6C2306}.Debug|Any CPU.ActiveCfg = Debug|Any CPU
		{8EFA46C2-F515-43B4-94E9-C2F20D6C2306}.Debug|Any CPU.Build.0 = Debug|Any CPU
		{8EFA46C2-F515-43B4-94E9-C2F20D6C2306}.Release|Any CPU.ActiveCfg = Release|Any CPU
		{8EFA46C2-F515-43B4-94E9-C2F20D6C2306}.Release|Any CPU.Build.0 = Release|Any CPU
	EndGlobalSection
EndGlobal
